// !$*UTF8*$!
{
	archiveVersion = 1;
	classes = {
	};
	objectVersion = 50;
	objects = {

/* Begin PBXBuildFile section */
		214AB23525D98A0B00CB2C64 /* ExternalAccessory.framework in Frameworks */ = {isa = PBXBuildFile; fileRef = 214AB23425D98A0B00CB2C64 /* ExternalAccessory.framework */; };
		2154E6D825D71E6800652709 /* AppDelegate.swift in Sources */ = {isa = PBXBuildFile; fileRef = 2154E6D725D71E6800652709 /* AppDelegate.swift */; };
		2154E6DA25D71E6800652709 /* SceneDelegate.swift in Sources */ = {isa = PBXBuildFile; fileRef = 2154E6D925D71E6800652709 /* SceneDelegate.swift */; };
		2154E6DC25D71E6800652709 /* ViewController.swift in Sources */ = {isa = PBXBuildFile; fileRef = 2154E6DB25D71E6800652709 /* ViewController.swift */; };
		2154E6DF25D71E6800652709 /* Main.storyboard in Resources */ = {isa = PBXBuildFile; fileRef = 2154E6DD25D71E6800652709 /* Main.storyboard */; };
		2154E6E125D71E6A00652709 /* Assets.xcassets in Resources */ = {isa = PBXBuildFile; fileRef = 2154E6E025D71E6A00652709 /* Assets.xcassets */; };
		2154E6E425D71E6A00652709 /* LaunchScreen.storyboard in Resources */ = {isa = PBXBuildFile; fileRef = 2154E6E225D71E6A00652709 /* LaunchScreen.storyboard */; };
		2154E6EF25D71E6A00652709 /* BLEClientTests.swift in Sources */ = {isa = PBXBuildFile; fileRef = 2154E6EE25D71E6A00652709 /* BLEClientTests.swift */; };
		2154E6FA25D71E6A00652709 /* BLEClientUITests.swift in Sources */ = {isa = PBXBuildFile; fileRef = 2154E6F925D71E6A00652709 /* BLEClientUITests.swift */; };
		2154E70E25D71F1000652709 /* BLEManager.swift in Sources */ = {isa = PBXBuildFile; fileRef = 2154E70D25D71F1000652709 /* BLEManager.swift */; };
/* End PBXBuildFile section */

/* Begin PBXContainerItemProxy section */
		2154E6EB25D71E6A00652709 /* PBXContainerItemProxy */ = {
			isa = PBXContainerItemProxy;
			containerPortal = 2154E6CC25D71E6800652709 /* Project object */;
			proxyType = 1;
			remoteGlobalIDString = 2154E6D325D71E6800652709;
			remoteInfo = BLEClient;
		};
		2154E6F625D71E6A00652709 /* PBXContainerItemProxy */ = {
			isa = PBXContainerItemProxy;
			containerPortal = 2154E6CC25D71E6800652709 /* Project object */;
			proxyType = 1;
			remoteGlobalIDString = 2154E6D325D71E6800652709;
			remoteInfo = BLEClient;
		};
/* End PBXContainerItemProxy section */

/* Begin PBXFileReference section */
		214AB23225D98A0A00CB2C64 /* BLEClient.entitlements */ = {isa = PBXFileReference; lastKnownFileType = text.plist.entitlements; path = BLEClient.entitlements; sourceTree = "<group>"; };
		214AB23425D98A0B00CB2C64 /* ExternalAccessory.framework */ = {isa = PBXFileReference; lastKnownFileType = wrapper.framework; name = ExternalAccessory.framework; path = System/Library/Frameworks/ExternalAccessory.framework; sourceTree = SDKROOT; };
		2154E6D425D71E6800652709 /* BLEClient.app */ = {isa = PBXFileReference; explicitFileType = wrapper.application; includeInIndex = 0; path = BLEClient.app; sourceTree = BUILT_PRODUCTS_DIR; };
		2154E6D725D71E6800652709 /* AppDelegate.swift */ = {isa = PBXFileReference; lastKnownFileType = sourcecode.swift; path = AppDelegate.swift; sourceTree = "<group>"; };
		2154E6D925D71E6800652709 /* SceneDelegate.swift */ = {isa = PBXFileReference; lastKnownFileType = sourcecode.swift; path = SceneDelegate.swift; sourceTree = "<group>"; };
		2154E6DB25D71E6800652709 /* ViewController.swift */ = {isa = PBXFileReference; lastKnownFileType = sourcecode.swift; path = ViewController.swift; sourceTree = "<group>"; };
		2154E6DE25D71E6800652709 /* Base */ = {isa = PBXFileReference; lastKnownFileType = file.storyboard; name = Base; path = Base.lproj/Main.storyboard; sourceTree = "<group>"; };
		2154E6E025D71E6A00652709 /* Assets.xcassets */ = {isa = PBXFileReference; lastKnownFileType = folder.assetcatalog; path = Assets.xcassets; sourceTree = "<group>"; };
		2154E6E325D71E6A00652709 /* Base */ = {isa = PBXFileReference; lastKnownFileType = file.storyboard; name = Base; path = Base.lproj/LaunchScreen.storyboard; sourceTree = "<group>"; };
		2154E6E525D71E6A00652709 /* Info.plist */ = {isa = PBXFileReference; lastKnownFileType = text.plist.xml; path = Info.plist; sourceTree = "<group>"; };
		2154E6EA25D71E6A00652709 /* BLEClientTests.xctest */ = {isa = PBXFileReference; explicitFileType = wrapper.cfbundle; includeInIndex = 0; path = BLEClientTests.xctest; sourceTree = BUILT_PRODUCTS_DIR; };
		2154E6EE25D71E6A00652709 /* BLEClientTests.swift */ = {isa = PBXFileReference; lastKnownFileType = sourcecode.swift; path = BLEClientTests.swift; sourceTree = "<group>"; };
		2154E6F025D71E6A00652709 /* Info.plist */ = {isa = PBXFileReference; lastKnownFileType = text.plist.xml; path = Info.plist; sourceTree = "<group>"; };
		2154E6F525D71E6A00652709 /* BLEClientUITests.xctest */ = {isa = PBXFileReference; explicitFileType = wrapper.cfbundle; includeInIndex = 0; path = BLEClientUITests.xctest; sourceTree = BUILT_PRODUCTS_DIR; };
		2154E6F925D71E6A00652709 /* BLEClientUITests.swift */ = {isa = PBXFileReference; lastKnownFileType = sourcecode.swift; path = BLEClientUITests.swift; sourceTree = "<group>"; };
		2154E6FB25D71E6A00652709 /* Info.plist */ = {isa = PBXFileReference; lastKnownFileType = text.plist.xml; path = Info.plist; sourceTree = "<group>"; };
		2154E70D25D71F1000652709 /* BLEManager.swift */ = {isa = PBXFileReference; lastKnownFileType = sourcecode.swift; path = BLEManager.swift; sourceTree = "<group>"; };
/* End PBXFileReference section */

/* Begin PBXFrameworksBuildPhase section */
		2154E6D125D71E6800652709 /* Frameworks */ = {
			isa = PBXFrameworksBuildPhase;
			buildActionMask = 2147483647;
			files = (
				214AB23525D98A0B00CB2C64 /* ExternalAccessory.framework in Frameworks */,
			);
			runOnlyForDeploymentPostprocessing = 0;
		};
		2154E6E725D71E6A00652709 /* Frameworks */ = {
			isa = PBXFrameworksBuildPhase;
			buildActionMask = 2147483647;
			files = (
			);
			runOnlyForDeploymentPostprocessing = 0;
		};
		2154E6F225D71E6A00652709 /* Frameworks */ = {
			isa = PBXFrameworksBuildPhase;
			buildActionMask = 2147483647;
			files = (
			);
			runOnlyForDeploymentPostprocessing = 0;
		};
/* End PBXFrameworksBuildPhase section */

/* Begin PBXGroup section */
		214AB23325D98A0B00CB2C64 /* Frameworks */ = {
			isa = PBXGroup;
			children = (
				214AB23425D98A0B00CB2C64 /* ExternalAccessory.framework */,
			);
			name = Frameworks;
			sourceTree = "<group>";
		};
		2154E6CB25D71E6800652709 = {
			isa = PBXGroup;
			children = (
				2154E6D625D71E6800652709 /* BLEClient */,
				2154E6ED25D71E6A00652709 /* BLEClientTests */,
				2154E6F825D71E6A00652709 /* BLEClientUITests */,
				2154E6D525D71E6800652709 /* Products */,
				214AB23325D98A0B00CB2C64 /* Frameworks */,
			);
			sourceTree = "<group>";
		};
		2154E6D525D71E6800652709 /* Products */ = {
			isa = PBXGroup;
			children = (
				2154E6D425D71E6800652709 /* BLEClient.app */,
				2154E6EA25D71E6A00652709 /* BLEClientTests.xctest */,
				2154E6F525D71E6A00652709 /* BLEClientUITests.xctest */,
			);
			name = Products;
			sourceTree = "<group>";
		};
		2154E6D625D71E6800652709 /* BLEClient */ = {
			isa = PBXGroup;
			children = (
				214AB23225D98A0A00CB2C64 /* BLEClient.entitlements */,
				2154E6D725D71E6800652709 /* AppDelegate.swift */,
				2154E6D925D71E6800652709 /* SceneDelegate.swift */,
				2154E6DB25D71E6800652709 /* ViewController.swift */,
				2154E6DD25D71E6800652709 /* Main.storyboard */,
				2154E6E025D71E6A00652709 /* Assets.xcassets */,
				2154E6E225D71E6A00652709 /* LaunchScreen.storyboard */,
				2154E6E525D71E6A00652709 /* Info.plist */,
				2154E70D25D71F1000652709 /* BLEManager.swift */,
			);
			path = BLEClient;
			sourceTree = "<group>";
		};
		2154E6ED25D71E6A00652709 /* BLEClientTests */ = {
			isa = PBXGroup;
			children = (
				2154E6EE25D71E6A00652709 /* BLEClientTests.swift */,
				2154E6F025D71E6A00652709 /* Info.plist */,
			);
			path = BLEClientTests;
			sourceTree = "<group>";
		};
		2154E6F825D71E6A00652709 /* BLEClientUITests */ = {
			isa = PBXGroup;
			children = (
				2154E6F925D71E6A00652709 /* BLEClientUITests.swift */,
				2154E6FB25D71E6A00652709 /* Info.plist */,
			);
			path = BLEClientUITests;
			sourceTree = "<group>";
		};
/* End PBXGroup section */

/* Begin PBXNativeTarget section */
		2154E6D325D71E6800652709 /* BLEClient */ = {
			isa = PBXNativeTarget;
			buildConfigurationList = 2154E6FE25D71E6A00652709 /* Build configuration list for PBXNativeTarget "BLEClient" */;
			buildPhases = (
				2154E6D025D71E6800652709 /* Sources */,
				2154E6D125D71E6800652709 /* Frameworks */,
				2154E6D225D71E6800652709 /* Resources */,
			);
			buildRules = (
			);
			dependencies = (
			);
			name = BLEClient;
			productName = BLEClient;
			productReference = 2154E6D425D71E6800652709 /* BLEClient.app */;
			productType = "com.apple.product-type.application";
		};
		2154E6E925D71E6A00652709 /* BLEClientTests */ = {
			isa = PBXNativeTarget;
			buildConfigurationList = 2154E70125D71E6A00652709 /* Build configuration list for PBXNativeTarget "BLEClientTests" */;
			buildPhases = (
				2154E6E625D71E6A00652709 /* Sources */,
				2154E6E725D71E6A00652709 /* Frameworks */,
				2154E6E825D71E6A00652709 /* Resources */,
			);
			buildRules = (
			);
			dependencies = (
				2154E6EC25D71E6A00652709 /* PBXTargetDependency */,
			);
			name = BLEClientTests;
			productName = BLEClientTests;
			productReference = 2154E6EA25D71E6A00652709 /* BLEClientTests.xctest */;
			productType = "com.apple.product-type.bundle.unit-test";
		};
		2154E6F425D71E6A00652709 /* BLEClientUITests */ = {
			isa = PBXNativeTarget;
			buildConfigurationList = 2154E70425D71E6A00652709 /* Build configuration list for PBXNativeTarget "BLEClientUITests" */;
			buildPhases = (
				2154E6F125D71E6A00652709 /* Sources */,
				2154E6F225D71E6A00652709 /* Frameworks */,
				2154E6F325D71E6A00652709 /* Resources */,
			);
			buildRules = (
			);
			dependencies = (
				2154E6F725D71E6A00652709 /* PBXTargetDependency */,
			);
			name = BLEClientUITests;
			productName = BLEClientUITests;
			productReference = 2154E6F525D71E6A00652709 /* BLEClientUITests.xctest */;
			productType = "com.apple.product-type.bundle.ui-testing";
		};
/* End PBXNativeTarget section */

/* Begin PBXProject section */
		2154E6CC25D71E6800652709 /* Project object */ = {
			isa = PBXProject;
			attributes = {
				LastSwiftUpdateCheck = 1240;
				LastUpgradeCheck = 1240;
				TargetAttributes = {
					2154E6D325D71E6800652709 = {
						CreatedOnToolsVersion = 12.4;
					};
					2154E6E925D71E6A00652709 = {
						CreatedOnToolsVersion = 12.4;
						TestTargetID = 2154E6D325D71E6800652709;
					};
					2154E6F425D71E6A00652709 = {
						CreatedOnToolsVersion = 12.4;
						TestTargetID = 2154E6D325D71E6800652709;
					};
				};
			};
			buildConfigurationList = 2154E6CF25D71E6800652709 /* Build configuration list for PBXProject "BLEClient" */;
			compatibilityVersion = "Xcode 9.3";
			developmentRegion = en;
			hasScannedForEncodings = 0;
			knownRegions = (
				en,
				Base,
			);
			mainGroup = 2154E6CB25D71E6800652709;
			productRefGroup = 2154E6D525D71E6800652709 /* Products */;
			projectDirPath = "";
			projectRoot = "";
			targets = (
				2154E6D325D71E6800652709 /* BLEClient */,
				2154E6E925D71E6A00652709 /* BLEClientTests */,
				2154E6F425D71E6A00652709 /* BLEClientUITests */,
			);
		};
/* End PBXProject section */

/* Begin PBXResourcesBuildPhase section */
		2154E6D225D71E6800652709 /* Resources */ = {
			isa = PBXResourcesBuildPhase;
			buildActionMask = 2147483647;
			files = (
				2154E6E425D71E6A00652709 /* LaunchScreen.storyboard in Resources */,
				2154E6E125D71E6A00652709 /* Assets.xcassets in Resources */,
				2154E6DF25D71E6800652709 /* Main.storyboard in Resources */,
			);
			runOnlyForDeploymentPostprocessing = 0;
		};
		2154E6E825D71E6A00652709 /* Resources */ = {
			isa = PBXResourcesBuildPhase;
			buildActionMask = 2147483647;
			files = (
			);
			runOnlyForDeploymentPostprocessing = 0;
		};
		2154E6F325D71E6A00652709 /* Resources */ = {
			isa = PBXResourcesBuildPhase;
			buildActionMask = 2147483647;
			files = (
			);
			runOnlyForDeploymentPostprocessing = 0;
		};
/* End PBXResourcesBuildPhase section */

/* Begin PBXSourcesBuildPhase section */
		2154E6D025D71E6800652709 /* Sources */ = {
			isa = PBXSourcesBuildPhase;
			buildActionMask = 2147483647;
			files = (
				2154E6DC25D71E6800652709 /* ViewController.swift in Sources */,
				2154E70E25D71F1000652709 /* BLEManager.swift in Sources */,
				2154E6D825D71E6800652709 /* AppDelegate.swift in Sources */,
				2154E6DA25D71E6800652709 /* SceneDelegate.swift in Sources */,
			);
			runOnlyForDeploymentPostprocessing = 0;
		};
		2154E6E625D71E6A00652709 /* Sources */ = {
			isa = PBXSourcesBuildPhase;
			buildActionMask = 2147483647;
			files = (
				2154E6EF25D71E6A00652709 /* BLEClientTests.swift in Sources */,
			);
			runOnlyForDeploymentPostprocessing = 0;
		};
		2154E6F125D71E6A00652709 /* Sources */ = {
			isa = PBXSourcesBuildPhase;
			buildActionMask = 2147483647;
			files = (
				2154E6FA25D71E6A00652709 /* BLEClientUITests.swift in Sources */,
			);
			runOnlyForDeploymentPostprocessing = 0;
		};
/* End PBXSourcesBuildPhase section */

/* Begin PBXTargetDependency section */
		2154E6EC25D71E6A00652709 /* PBXTargetDependency */ = {
			isa = PBXTargetDependency;
			target = 2154E6D325D71E6800652709 /* BLEClient */;
			targetProxy = 2154E6EB25D71E6A00652709 /* PBXContainerItemProxy */;
		};
		2154E6F725D71E6A00652709 /* PBXTargetDependency */ = {
			isa = PBXTargetDependency;
			target = 2154E6D325D71E6800652709 /* BLEClient */;
			targetProxy = 2154E6F625D71E6A00652709 /* PBXContainerItemProxy */;
		};
/* End PBXTargetDependency section */

/* Begin PBXVariantGroup section */
		2154E6DD25D71E6800652709 /* Main.storyboard */ = {
			isa = PBXVariantGroup;
			children = (
				2154E6DE25D71E6800652709 /* Base */,
			);
			name = Main.storyboard;
			sourceTree = "<group>";
		};
		2154E6E225D71E6A00652709 /* LaunchScreen.storyboard */ = {
			isa = PBXVariantGroup;
			children = (
				2154E6E325D71E6A00652709 /* Base */,
			);
			name = LaunchScreen.storyboard;
			sourceTree = "<group>";
		};
/* End PBXVariantGroup section */

/* Begin XCBuildConfiguration section */
		2154E6FC25D71E6A00652709 /* Debug */ = {
			isa = XCBuildConfiguration;
			buildSettings = {
				ALWAYS_SEARCH_USER_PATHS = NO;
				CLANG_ANALYZER_NONNULL = YES;
				CLANG_ANALYZER_NUMBER_OBJECT_CONVERSION = YES_AGGRESSIVE;
				CLANG_CXX_LANGUAGE_STANDARD = "gnu++14";
				CLANG_CXX_LIBRARY = "libc++";
				CLANG_ENABLE_MODULES = YES;
				CLANG_ENABLE_OBJC_ARC = YES;
				CLANG_ENABLE_OBJC_WEAK = YES;
				CLANG_WARN_BLOCK_CAPTURE_AUTORELEASING = YES;
				CLANG_WARN_BOOL_CONVERSION = YES;
				CLANG_WARN_COMMA = YES;
				CLANG_WARN_CONSTANT_CONVERSION = YES;
				CLANG_WARN_DEPRECATED_OBJC_IMPLEMENTATIONS = YES;
				CLANG_WARN_DIRECT_OBJC_ISA_USAGE = YES_ERROR;
				CLANG_WARN_DOCUMENTATION_COMMENTS = YES;
				CLANG_WARN_EMPTY_BODY = YES;
				CLANG_WARN_ENUM_CONVERSION = YES;
				CLANG_WARN_INFINITE_RECURSION = YES;
				CLANG_WARN_INT_CONVERSION = YES;
				CLANG_WARN_NON_LITERAL_NULL_CONVERSION = YES;
				CLANG_WARN_OBJC_IMPLICIT_RETAIN_SELF = YES;
				CLANG_WARN_OBJC_LITERAL_CONVERSION = YES;
				CLANG_WARN_OBJC_ROOT_CLASS = YES_ERROR;
				CLANG_WARN_QUOTED_INCLUDE_IN_FRAMEWORK_HEADER = YES;
				CLANG_WARN_RANGE_LOOP_ANALYSIS = YES;
				CLANG_WARN_STRICT_PROTOTYPES = YES;
				CLANG_WARN_SUSPICIOUS_MOVE = YES;
				CLANG_WARN_UNGUARDED_AVAILABILITY = YES_AGGRESSIVE;
				CLANG_WARN_UNREACHABLE_CODE = YES;
				CLANG_WARN__DUPLICATE_METHOD_MATCH = YES;
				COPY_PHASE_STRIP = NO;
				DEBUG_INFORMATION_FORMAT = dwarf;
				ENABLE_STRICT_OBJC_MSGSEND = YES;
				ENABLE_TESTABILITY = YES;
				GCC_C_LANGUAGE_STANDARD = gnu11;
				GCC_DYNAMIC_NO_PIC = NO;
				GCC_NO_COMMON_BLOCKS = YES;
				GCC_OPTIMIZATION_LEVEL = 0;
				GCC_PREPROCESSOR_DEFINITIONS = (
					"DEBUG=1",
					"$(inherited)",
				);
				GCC_WARN_64_TO_32_BIT_CONVERSION = YES;
				GCC_WARN_ABOUT_RETURN_TYPE = YES_ERROR;
				GCC_WARN_UNDECLARED_SELECTOR = YES;
				GCC_WARN_UNINITIALIZED_AUTOS = YES_AGGRESSIVE;
				GCC_WARN_UNUSED_FUNCTION = YES;
				GCC_WARN_UNUSED_VARIABLE = YES;
				IPHONEOS_DEPLOYMENT_TARGET = 14.4;
				MTL_ENABLE_DEBUG_INFO = INCLUDE_SOURCE;
				MTL_FAST_MATH = YES;
				ONLY_ACTIVE_ARCH = YES;
				SDKROOT = iphoneos;
				SWIFT_ACTIVE_COMPILATION_CONDITIONS = DEBUG;
				SWIFT_OPTIMIZATION_LEVEL = "-Onone";
			};
			name = Debug;
		};
		2154E6FD25D71E6A00652709 /* Release */ = {
			isa = XCBuildConfiguration;
			buildSettings = {
				ALWAYS_SEARCH_USER_PATHS = NO;
				CLANG_ANALYZER_NONNULL = YES;
				CLANG_ANALYZER_NUMBER_OBJECT_CONVERSION = YES_AGGRESSIVE;
				CLANG_CXX_LANGUAGE_STANDARD = "gnu++14";
				CLANG_CXX_LIBRARY = "libc++";
				CLANG_ENABLE_MODULES = YES;
				CLANG_ENABLE_OBJC_ARC = YES;
				CLANG_ENABLE_OBJC_WEAK = YES;
				CLANG_WARN_BLOCK_CAPTURE_AUTORELEASING = YES;
				CLANG_WARN_BOOL_CONVERSION = YES;
				CLANG_WARN_COMMA = YES;
				CLANG_WARN_CONSTANT_CONVERSION = YES;
				CLANG_WARN_DEPRECATED_OBJC_IMPLEMENTATIONS = YES;
				CLANG_WARN_DIRECT_OBJC_ISA_USAGE = YES_ERROR;
				CLANG_WARN_DOCUMENTATION_COMMENTS = YES;
				CLANG_WARN_EMPTY_BODY = YES;
				CLANG_WARN_ENUM_CONVERSION = YES;
				CLANG_WARN_INFINITE_RECURSION = YES;
				CLANG_WARN_INT_CONVERSION = YES;
				CLANG_WARN_NON_LITERAL_NULL_CONVERSION = YES;
				CLANG_WARN_OBJC_IMPLICIT_RETAIN_SELF = YES;
				CLANG_WARN_OBJC_LITERAL_CONVERSION = YES;
				CLANG_WARN_OBJC_ROOT_CLASS = YES_ERROR;
				CLANG_WARN_QUOTED_INCLUDE_IN_FRAMEWORK_HEADER = YES;
				CLANG_WARN_RANGE_LOOP_ANALYSIS = YES;
				CLANG_WARN_STRICT_PROTOTYPES = YES;
				CLANG_WARN_SUSPICIOUS_MOVE = YES;
				CLANG_WARN_UNGUARDED_AVAILABILITY = YES_AGGRESSIVE;
				CLANG_WARN_UNREACHABLE_CODE = YES;
				CLANG_WARN__DUPLICATE_METHOD_MATCH = YES;
				COPY_PHASE_STRIP = NO;
				DEBUG_INFORMATION_FORMAT = "dwarf-with-dsym";
				ENABLE_NS_ASSERTIONS = NO;
				ENABLE_STRICT_OBJC_MSGSEND = YES;
				GCC_C_LANGUAGE_STANDARD = gnu11;
				GCC_NO_COMMON_BLOCKS = YES;
				GCC_WARN_64_TO_32_BIT_CONVERSION = YES;
				GCC_WARN_ABOUT_RETURN_TYPE = YES_ERROR;
				GCC_WARN_UNDECLARED_SELECTOR = YES;
				GCC_WARN_UNINITIALIZED_AUTOS = YES_AGGRESSIVE;
				GCC_WARN_UNUSED_FUNCTION = YES;
				GCC_WARN_UNUSED_VARIABLE = YES;
				IPHONEOS_DEPLOYMENT_TARGET = 14.4;
				MTL_ENABLE_DEBUG_INFO = NO;
				MTL_FAST_MATH = YES;
				SDKROOT = iphoneos;
				SWIFT_COMPILATION_MODE = wholemodule;
				SWIFT_OPTIMIZATION_LEVEL = "-O";
				VALIDATE_PRODUCT = YES;
			};
			name = Release;
		};
		2154E6FF25D71E6A00652709 /* Debug */ = {
			isa = XCBuildConfiguration;
			buildSettings = {
				ASSETCATALOG_COMPILER_APPICON_NAME = AppIcon;
				ASSETCATALOG_COMPILER_GLOBAL_ACCENT_COLOR_NAME = AccentColor;
				CODE_SIGN_ENTITLEMENTS = BLEClient/BLEClient.entitlements;
				CODE_SIGN_STYLE = Automatic;
				DEVELOPMENT_TEAM = XNDCKBV8HR;
				INFOPLIST_FILE = BLEClient/Info.plist;
				LD_RUNPATH_SEARCH_PATHS = (
					"$(inherited)",
					"@executable_path/Frameworks",
				);
				PRODUCT_BUNDLE_IDENTIFIER = fr.juliettebois.BLEClient;
				PRODUCT_NAME = "$(TARGET_NAME)";
				SWIFT_VERSION = 5.0;
				TARGETED_DEVICE_FAMILY = "1,2";
			};
			name = Debug;
		};
		2154E70025D71E6A00652709 /* Release */ = {
			isa = XCBuildConfiguration;
			buildSettings = {
				ASSETCATALOG_COMPILER_APPICON_NAME = AppIcon;
				ASSETCATALOG_COMPILER_GLOBAL_ACCENT_COLOR_NAME = AccentColor;
				CODE_SIGN_ENTITLEMENTS = BLEClient/BLEClient.entitlements;
				CODE_SIGN_STYLE = Automatic;
				DEVELOPMENT_TEAM = XNDCKBV8HR;
				INFOPLIST_FILE = BLEClient/Info.plist;
				LD_RUNPATH_SEARCH_PATHS = (
					"$(inherited)",
					"@executable_path/Frameworks",
				);
				PRODUCT_BUNDLE_IDENTIFIER = fr.juliettebois.BLEClient;
				PRODUCT_NAME = "$(TARGET_NAME)";
				SWIFT_VERSION = 5.0;
				TARGETED_DEVICE_FAMILY = "1,2";
			};
			name = Release;
		};
		2154E70225D71E6A00652709 /* Debug */ = {
			isa = XCBuildConfiguration;
			buildSettings = {
				ALWAYS_EMBED_SWIFT_STANDARD_LIBRARIES = YES;
				BUNDLE_LOADER = "$(TEST_HOST)";
				CODE_SIGN_STYLE = Automatic;
				DEVELOPMENT_TEAM = XNDCKBV8HR;
				INFOPLIST_FILE = BLEClientTests/Info.plist;
				IPHONEOS_DEPLOYMENT_TARGET = 14.4;
				LD_RUNPATH_SEARCH_PATHS = (
					"$(inherited)",
					"@executable_path/Frameworks",
					"@loader_path/Frameworks",
				);
				PRODUCT_BUNDLE_IDENTIFIER = fr.juliettebois.BLEClientTests;
				PRODUCT_NAME = "$(TARGET_NAME)";
				SWIFT_VERSION = 5.0;
				TARGETED_DEVICE_FAMILY = "1,2";
				TEST_HOST = "$(BUILT_PRODUCTS_DIR)/BLEClient.app/BLEClient";
			};
			name = Debug;
		};
		2154E70325D71E6A00652709 /* Release */ = {
			isa = XCBuildConfiguration;
			buildSettings = {
				ALWAYS_EMBED_SWIFT_STANDARD_LIBRARIES = YES;
				BUNDLE_LOADER = "$(TEST_HOST)";
				CODE_SIGN_STYLE = Automatic;
				DEVELOPMENT_TEAM = XNDCKBV8HR;
				INFOPLIST_FILE = BLEClientTests/Info.plist;
				IPHONEOS_DEPLOYMENT_TARGET = 14.4;
				LD_RUNPATH_SEARCH_PATHS = (
					"$(inherited)",
					"@executable_path/Frameworks",
					"@loader_path/Frameworks",
				);
				PRODUCT_BUNDLE_IDENTIFIER = fr.juliettebois.BLEClientTests;
				PRODUCT_NAME = "$(TARGET_NAME)";
				SWIFT_VERSION = 5.0;
				TARGETED_DEVICE_FAMILY = "1,2";
				TEST_HOST = "$(BUILT_PRODUCTS_DIR)/BLEClient.app/BLEClient";
			};
			name = Release;
		};
		2154E70525D71E6A00652709 /* Debug */ = {
			isa = XCBuildConfiguration;
			buildSettings = {
				ALWAYS_EMBED_SWIFT_STANDARD_LIBRARIES = YES;
				CODE_SIGN_STYLE = Automatic;
				DEVELOPMENT_TEAM = XNDCKBV8HR;
				INFOPLIST_FILE = BLEClientUITests/Info.plist;
				LD_RUNPATH_SEARCH_PATHS = (
					"$(inherited)",
					"@executable_path/Frameworks",
					"@loader_path/Frameworks",
				);
				PRODUCT_BUNDLE_IDENTIFIER = fr.juliettebois.BLEClientUITests;
				PRODUCT_NAME = "$(TARGET_NAME)";
				SWIFT_VERSION = 5.0;
				TARGETED_DEVICE_FAMILY = "1,2";
				TEST_TARGET_NAME = BLEClient;
			};
			name = Debug;
		};
		2154E70625D71E6A00652709 /* Release */ = {
			isa = XCBuildConfiguration;
			buildSettings = {
				ALWAYS_EMBED_SWIFT_STANDARD_LIBRARIES = YES;
				CODE_SIGN_STYLE = Automatic;
				DEVELOPMENT_TEAM = XNDCKBV8HR;
				INFOPLIST_FILE = BLEClientUITests/Info.plist;
				LD_RUNPATH_SEARCH_PATHS = (
					"$(inherited)",
					"@executable_path/Frameworks",
					"@loader_path/Frameworks",
				);
				PRODUCT_BUNDLE_IDENTIFIER = fr.juliettebois.BLEClientUITests;
				PRODUCT_NAME = "$(TARGET_NAME)";
				SWIFT_VERSION = 5.0;
				TARGETED_DEVICE_FAMILY = "1,2";
				TEST_TARGET_NAME = BLEClient;
			};
			name = Release;
		};
/* End XCBuildConfiguration section */

/* Begin XCConfigurationList section */
		2154E6CF25D71E6800652709 /* Build configuration list for PBXProject "BLEClient" */ = {
			isa = XCConfigurationList;
			buildConfigurations = (
				2154E6FC25D71E6A00652709 /* Debug */,
				2154E6FD25D71E6A00652709 /* Release */,
			);
			defaultConfigurationIsVisible = 0;
			defaultConfigurationName = Release;
		};
		2154E6FE25D71E6A00652709 /* Build configuration list for PBXNativeTarget "BLEClient" */ = {
			isa = XCConfigurationList;
			buildConfigurations = (
				2154E6FF25D71E6A00652709 /* Debug */,
				2154E70025D71E6A00652709 /* Release */,
			);
			defaultConfigurationIsVisible = 0;
			defaultConfigurationName = Release;
		};
		2154E70125D71E6A00652709 /* Build configuration list for PBXNativeTarget "BLEClientTests" */ = {
			isa = XCConfigurationList;
			buildConfigurations = (
				2154E70225D71E6A00652709 /* Debug */,
				2154E70325D71E6A00652709 /* Release */,
			);
			defaultConfigurationIsVisible = 0;
			defaultConfigurationName = Release;
		};
		2154E70425D71E6A00652709 /* Build configuration list for PBXNativeTarget "BLEClientUITests" */ = {
			isa = XCConfigurationList;
			buildConfigurations = (
				2154E70525D71E6A00652709 /* Debug */,
				2154E70625D71E6A00652709 /* Release */,
			);
			defaultConfigurationIsVisible = 0;
			defaultConfigurationName = Release;
		};
/* End XCConfigurationList section */
	};
	rootObject = 2154E6CC25D71E6800652709 /* Project object */;
}
